{
  "name": "@nuwcdivnpt/stig-manager-dev-modules",
  "version": "1.0.1",
  "lockfileVersion": 3,
  "requires": true,
  "packages": {
    "": {
      "name": "@nuwcdivnpt/stig-manager-dev-modules",
      "version": "1.0.1",
      "license": "MIT",
      "dependencies": {
        "@trojs/openapi-dereference": "^0.2.3"
      }
    },
    "node_modules/@trojs/openapi-dereference": {
      "version": "0.2.3",
      "resolved": "https://registry.npmjs.org/@trojs/openapi-dereference/-/openapi-dereference-0.2.3.tgz",
      "integrity": "sha512-OcSCa+sMAwxZOljRi872xY4GjyKHL4sXo1Vdmc0Kv0cUPGp33KdqaRPHcU+o1m7cdoiNtK/+pKjpCjmsxHtvvA==",
      "license": "MIT",
      "engines": {
        "node": ">= 18.13"
      },
      "funding": {
        "type": "github",
        "url": "https://github.com/sponsors/w3nl"
      }
    }
  }
}
